{
  "requires": true,
  "lockfileVersion": 1,
  "dependencies": {
    "aes256": {
      "version": "1.0.4",
      "resolved": "https://registry.npmjs.org/aes256/-/aes256-1.0.4.tgz",
      "integrity": "sha512-yuaKOdoKebChkP+uRsQovWsJYm6qf58cQTvXBu6MM0BMnrXZ9SXEiXREBuU513ZRr+Uo2qX/Ci6EODLUu/qiHA=="
    },
    "asn1": {
      "version": "0.2.3",
      "resolved": "https://registry.npmjs.org/asn1/-/asn1-0.2.3.tgz",
      "integrity": "sha1-2sh4dxPJlmhJ/IGAd36+nB3fO4Y="
    },
    "node-cryptojs-aes": {
      "version": "0.4.0",
      "resolved": "https://registry.npmjs.org/node-cryptojs-aes/-/node-cryptojs-aes-0.4.0.tgz",
      "integrity": "sha1-ZM+6gMH7yfrDR8jrLCwSrb06igc="
    },
    "node-rsa": {
      "version": "1.0.1",
      "resolved": "https://registry.npmjs.org/node-rsa/-/node-rsa-1.0.1.tgz",
      "integrity": "sha512-8iKs0HgkufO4Qb1iUJChh7Dg8HcSDVD37p3yu1tAhYa+/n2CwG9/d3qE+h6OHAIsfkXHEYYgbf4c7NfoMKayng==",
      "requires": {
        "asn1": "0.2.3"
      }
    }
  }
}
